
Microsoft Visual Studio Solution File, Format Version 12.00
# Visual Studio 15
VisualStudioVersion = 15.0.27004.2010
MinimumVisualStudioVersion = 10.0.40219.1
Project("{FAE04EC0-301F-11D3-BF4B-00C04F79EFBC}") = "EasyNet.Comment", "EasyNet.Comment\EasyNet.Comment.csproj", "{2D4FD2D7-AC70-4F0A-BCC9-7B25CAD3B339}"
EndProject
Project("{FAE04EC0-301F-11D3-BF4B-00C04F79EFBC}") = "EasyNet.Comment.Dapper", "EasyNet.Comment.Dapper\EasyNet.Comment.Dapper.csproj", "{D9B05D91-B1F9-4E01-BD88-47BF8ACE2FB9}"
EndProject
Global
	GlobalSection(SolutionConfigurationPlatforms) = preSolution
		Debug|Any CPU = Debug|Any CPU
		Release|Any CPU = Release|Any CPU
	EndGlobalSection
	GlobalSection(ProjectConfigurationPlatforms) = postSolution
		{2D4FD2D7-AC70-4F0A-BCC9-7B25CAD3B339}.Debug|Any CPU.ActiveCfg = Debug|Any CPU
		{2D4FD2D7-AC70-4F0A-BCC9-7B25CAD3B339}.Debug|Any CPU.Build.0 = Debug|Any CPU
		{2D4FD2D7-AC70-4F0A-BCC9-7B25CAD3B339}.Release|Any CPU.ActiveCfg = Release|Any CPU
		{2D4FD2D7-AC70-4F0A-BCC9-7B25CAD3B339}.Release|Any CPU.Build.0 = Release|Any CPU
		{D9B05D91-B1F9-4E01-BD88-47BF8ACE2FB9}.Debug|Any CPU.ActiveCfg = Debug|Any CPU
		{D9B05D91-B1F9-4E01-BD88-47BF8ACE2FB9}.Debug|Any CPU.Build.0 = Debug|Any CPU
		{D9B05D91-B1F9-4E01-BD88-47BF8ACE2FB9}.Release|Any CPU.ActiveCfg = Release|Any CPU
		{D9B05D91-B1F9-4E01-BD88-47BF8ACE2FB9}.Release|Any CPU.Build.0 = Release|Any CPU
	EndGlobalSection
	GlobalSection(SolutionProperties) = preSolution
		HideSolutionNode = FALSE
	EndGlobalSection
	GlobalSection(ExtensibilityGlobals) = postSolution
		SolutionGuid = {D15ED302-2300-4C29-8685-7305586AE027}
	EndGlobalSection
EndGlobal
